
Microsoft Visual Studio Solution File, Format Version 12.00
# Visual Studio Version 17
VisualStudioVersion = 17.12.35521.163 d17.12
MinimumVisualStudioVersion = 10.0.40219.1
Project("{FAE04EC0-301F-11D3-BF4B-00C04F79EFBC}") = "250113_Hogwarts_Viewer", "250113_Hogwarts_Viewer.csproj", "{05023B08-BC58-40E8-8C1C-DE0720AEB81A}"
EndProject
Global
	GlobalSection(SolutionConfigurationPlatforms) = preSolution
		Debug|Any CPU = Debug|Any CPU
		Release|Any CPU = Release|Any CPU
	EndGlobalSection
	GlobalSection(ProjectConfigurationPlatforms) = postSolution
		{05023B08-BC58-40E8-8C1C-DE0720AEB81A}.Debug|Any CPU.ActiveCfg = Debug|Any CPU
		{05023B08-BC58-40E8-8C1C-DE0720AEB81A}.Debug|Any CPU.Build.0 = Debug|Any CPU
		{05023B08-BC58-40E8-8C1C-DE0720AEB81A}.Release|Any CPU.ActiveCfg = Release|Any CPU
		{05023B08-BC58-40E8-8C1C-DE0720AEB81A}.Release|Any CPU.Build.0 = Release|Any CPU
	EndGlobalSection
	GlobalSection(SolutionProperties) = preSolution
		HideSolutionNode = FALSE
	EndGlobalSection
EndGlobal
