
Microsoft Visual Studio Solution File, Format Version 12.00
# Visual Studio Version 17
VisualStudioVersion = 17.8.34309.116
MinimumVisualStudioVersion = 10.0.40219.1
Project("{FAE04EC0-301F-11D3-BF4B-00C04F79EFBC}") = "231120_Ritterturnier_6.0", "231120_Ritterturnier_6.0.csproj", "{DB084073-370A-400E-B7B1-AACBB284E7D9}"
EndProject
Global
	GlobalSection(SolutionConfigurationPlatforms) = preSolution
		Debug|Any CPU = Debug|Any CPU
		Release|Any CPU = Release|Any CPU
	EndGlobalSection
	GlobalSection(ProjectConfigurationPlatforms) = postSolution
		{DB084073-370A-400E-B7B1-AACBB284E7D9}.Debug|Any CPU.ActiveCfg = Debug|Any CPU
		{DB084073-370A-400E-B7B1-AACBB284E7D9}.Debug|Any CPU.Build.0 = Debug|Any CPU
		{DB084073-370A-400E-B7B1-AACBB284E7D9}.Release|Any CPU.ActiveCfg = Release|Any CPU
		{DB084073-370A-400E-B7B1-AACBB284E7D9}.Release|Any CPU.Build.0 = Release|Any CPU
	EndGlobalSection
	GlobalSection(SolutionProperties) = preSolution
		HideSolutionNode = FALSE
	EndGlobalSection
	GlobalSection(ExtensibilityGlobals) = postSolution
		SolutionGuid = {8278C5D4-99AF-4297-9C23-BF7B83565309}
	EndGlobalSection
EndGlobal
